// !$*UTF8*$!
{
	archiveVersion = 1;
	classes = {
	};
	objectVersion = 46;
	objects = {

/* Begin PBXBuildFile section */
		8A19580F19DAEEB300978CD8 /* main.m in Sources */ = {isa = PBXBuildFile; fileRef = 8A19580E19DAEEB300978CD8 /* main.m */; };
		8A19581219DAEEB300978CD8 /* AppDelegate.m in Sources */ = {isa = PBXBuildFile; fileRef = 8A19581119DAEEB300978CD8 /* AppDelegate.m */; };
		8A19581A19DAEEB300978CD8 /* Images.xcassets in Resources */ = {isa = PBXBuildFile; fileRef = 8A19581919DAEEB300978CD8 /* Images.xcassets */; };
		8A19583419DAEF2000978CD8 /* MMViewController.m in Sources */ = {isa = PBXBuildFile; fileRef = 8A19583319DAEF2000978CD8 /* MMViewController.m */; };
		8A19583519DAEF2000978CD8 /* MMViewController.m in Sources */ = {isa = PBXBuildFile; fileRef = 8A19583319DAEF2000978CD8 /* MMViewController.m */; };
		8A19583719DB244300978CD8 /* ModelTest.m in Sources */ = {isa = PBXBuildFile; fileRef = 8A19583619DB244300978CD8 /* ModelTest.m */; };
		8A19583A19DB27FF00978CD8 /* MMModel.m in Sources */ = {isa = PBXBuildFile; fileRef = 8A19583919DB27FF00978CD8 /* MMModel.m */; };
		8A19583B19DB27FF00978CD8 /* MMModel.m in Sources */ = {isa = PBXBuildFile; fileRef = 8A19583919DB27FF00978CD8 /* MMModel.m */; };
		8A3CF95D19F582CF000AAE35 /* CellViewTest.m in Sources */ = {isa = PBXBuildFile; fileRef = 8A3CF95C19F582CF000AAE35 /* CellViewTest.m */; };
		8A3CF96319F5837C000AAE35 /* MMCell.m in Sources */ = {isa = PBXBuildFile; fileRef = 8A3CF96219F5837C000AAE35 /* MMCell.m */; };
		8A3CF96419F5837C000AAE35 /* MMCell.m in Sources */ = {isa = PBXBuildFile; fileRef = 8A3CF96219F5837C000AAE35 /* MMCell.m */; };
/* End PBXBuildFile section */

/* Begin PBXContainerItemProxy section */
		8A19582319DAEEB300978CD8 /* PBXContainerItemProxy */ = {
			isa = PBXContainerItemProxy;
			containerPortal = 8A19580119DAEEB300978CD8 /* Project object */;
			proxyType = 1;
			remoteGlobalIDString = 8A19580819DAEEB300978CD8;
			remoteInfo = MasterMind;
		};
/* End PBXContainerItemProxy section */

/* Begin PBXFileReference section */
		8A19580919DAEEB300978CD8 /* MasterMind.app */ = {isa = PBXFileReference; explicitFileType = wrapper.application; includeInIndex = 0; path = MasterMind.app; sourceTree = BUILT_PRODUCTS_DIR; };
		8A19580D19DAEEB300978CD8 /* Info.plist */ = {isa = PBXFileReference; lastKnownFileType = text.plist.xml; path = Info.plist; sourceTree = "<group>"; };
		8A19580E19DAEEB300978CD8 /* main.m */ = {isa = PBXFileReference; lastKnownFileType = sourcecode.c.objc; path = main.m; sourceTree = "<group>"; };
		8A19581019DAEEB300978CD8 /* AppDelegate.h */ = {isa = PBXFileReference; lastKnownFileType = sourcecode.c.h; path = AppDelegate.h; sourceTree = "<group>"; };
		8A19581119DAEEB300978CD8 /* AppDelegate.m */ = {isa = PBXFileReference; lastKnownFileType = sourcecode.c.objc; path = AppDelegate.m; sourceTree = "<group>"; };
		8A19581919DAEEB300978CD8 /* Images.xcassets */ = {isa = PBXFileReference; lastKnownFileType = folder.assetcatalog; path = Images.xcassets; sourceTree = "<group>"; };
		8A19582219DAEEB300978CD8 /* MasterMindTests.xctest */ = {isa = PBXFileReference; explicitFileType = wrapper.cfbundle; includeInIndex = 0; path = MasterMindTests.xctest; sourceTree = BUILT_PRODUCTS_DIR; };
		8A19582719DAEEB300978CD8 /* Info.plist */ = {isa = PBXFileReference; lastKnownFileType = text.plist.xml; path = Info.plist; sourceTree = "<group>"; };
		8A19583219DAEF2000978CD8 /* MMViewController.h */ = {isa = PBXFileReference; fileEncoding = 4; lastKnownFileType = sourcecode.c.h; path = MMViewController.h; sourceTree = "<group>"; };
		8A19583319DAEF2000978CD8 /* MMViewController.m */ = {isa = PBXFileReference; fileEncoding = 4; lastKnownFileType = sourcecode.c.objc; path = MMViewController.m; sourceTree = "<group>"; };
		8A19583619DB244300978CD8 /* ModelTest.m */ = {isa = PBXFileReference; fileEncoding = 4; lastKnownFileType = sourcecode.c.objc; path = ModelTest.m; sourceTree = "<group>"; };
		8A19583819DB27FF00978CD8 /* MMModel.h */ = {isa = PBXFileReference; fileEncoding = 4; lastKnownFileType = sourcecode.c.h; path = MMModel.h; sourceTree = "<group>"; };
		8A19583919DB27FF00978CD8 /* MMModel.m */ = {isa = PBXFileReference; fileEncoding = 4; lastKnownFileType = sourcecode.c.objc; path = MMModel.m; sourceTree = "<group>"; };
		8A3CF95C19F582CF000AAE35 /* CellViewTest.m */ = {isa = PBXFileReference; fileEncoding = 4; lastKnownFileType = sourcecode.c.objc; path = CellViewTest.m; sourceTree = "<group>"; };
		8A3CF96119F5837C000AAE35 /* MMCell.h */ = {isa = PBXFileReference; fileEncoding = 4; lastKnownFileType = sourcecode.c.h; path = MMCell.h; sourceTree = "<group>"; };
		8A3CF96219F5837C000AAE35 /* MMCell.m */ = {isa = PBXFileReference; fileEncoding = 4; lastKnownFileType = sourcecode.c.objc; path = MMCell.m; sourceTree = "<group>"; };
/* End PBXFileReference section */

/* Begin PBXFrameworksBuildPhase section */
		8A19580619DAEEB300978CD8 /* Frameworks */ = {
			isa = PBXFrameworksBuildPhase;
			buildActionMask = 2147483647;
			files = (
			);
			runOnlyForDeploymentPostprocessing = 0;
		};
		8A19581F19DAEEB300978CD8 /* Frameworks */ = {
			isa = PBXFrameworksBuildPhase;
			buildActionMask = 2147483647;
			files = (
			);
			runOnlyForDeploymentPostprocessing = 0;
		};
/* End PBXFrameworksBuildPhase section */

/* Begin PBXGroup section */
		8A19580019DAEEB300978CD8 = {
			isa = PBXGroup;
			children = (
				8A19580B19DAEEB300978CD8 /* MasterMind */,
				8A19582519DAEEB300978CD8 /* MasterMindTests */,
				8A19580A19DAEEB300978CD8 /* Products */,
			);
			sourceTree = "<group>";
		};
		8A19580A19DAEEB300978CD8 /* Products */ = {
			isa = PBXGroup;
			children = (
				8A19580919DAEEB300978CD8 /* MasterMind.app */,
				8A19582219DAEEB300978CD8 /* MasterMindTests.xctest */,
			);
			name = Products;
			sourceTree = "<group>";
		};
		8A19580B19DAEEB300978CD8 /* MasterMind */ = {
			isa = PBXGroup;
			children = (
				8A19581019DAEEB300978CD8 /* AppDelegate.h */,
				8A19581119DAEEB300978CD8 /* AppDelegate.m */,
				8A3CF95E19F58311000AAE35 /* Model */,
				8A3CF95F19F58321000AAE35 /* View */,
				8A3CF96019F5832F000AAE35 /* Controller */,
				8A19581919DAEEB300978CD8 /* Images.xcassets */,
				8A19580C19DAEEB300978CD8 /* Supporting Files */,
			);
			path = MasterMind;
			sourceTree = "<group>";
		};
		8A19580C19DAEEB300978CD8 /* Supporting Files */ = {
			isa = PBXGroup;
			children = (
				8A19580D19DAEEB300978CD8 /* Info.plist */,
				8A19580E19DAEEB300978CD8 /* main.m */,
			);
			name = "Supporting Files";
			sourceTree = "<group>";
		};
		8A19582519DAEEB300978CD8 /* MasterMindTests */ = {
			isa = PBXGroup;
			children = (
				8A19582619DAEEB300978CD8 /* Supporting Files */,
				8A19583619DB244300978CD8 /* ModelTest.m */,
				8A3CF95C19F582CF000AAE35 /* CellViewTest.m */,
			);
			path = MasterMindTests;
			sourceTree = "<group>";
		};
		8A19582619DAEEB300978CD8 /* Supporting Files */ = {
			isa = PBXGroup;
			children = (
				8A19582719DAEEB300978CD8 /* Info.plist */,
			);
			name = "Supporting Files";
			sourceTree = "<group>";
		};
		8A3CF95E19F58311000AAE35 /* Model */ = {
			isa = PBXGroup;
			children = (
				8A19583819DB27FF00978CD8 /* MMModel.h */,
				8A19583919DB27FF00978CD8 /* MMModel.m */,
			);
			name = Model;
			sourceTree = "<group>";
		};
		8A3CF95F19F58321000AAE35 /* View */ = {
			isa = PBXGroup;
			children = (
				8A3CF96119F5837C000AAE35 /* MMCell.h */,
				8A3CF96219F5837C000AAE35 /* MMCell.m */,
			);
			name = View;
			sourceTree = "<group>";
		};
		8A3CF96019F5832F000AAE35 /* Controller */ = {
			isa = PBXGroup;
			children = (
				8A19583219DAEF2000978CD8 /* MMViewController.h */,
				8A19583319DAEF2000978CD8 /* MMViewController.m */,
			);
			name = Controller;
			sourceTree = "<group>";
		};
/* End PBXGroup section */

/* Begin PBXNativeTarget section */
		8A19580819DAEEB300978CD8 /* MasterMind */ = {
			isa = PBXNativeTarget;
			buildConfigurationList = 8A19582C19DAEEB300978CD8 /* Build configuration list for PBXNativeTarget "MasterMind" */;
			buildPhases = (
				8A19580519DAEEB300978CD8 /* Sources */,
				8A19580619DAEEB300978CD8 /* Frameworks */,
				8A19580719DAEEB300978CD8 /* Resources */,
			);
			buildRules = (
			);
			dependencies = (
			);
			name = MasterMind;
			productName = MasterMind;
			productReference = 8A19580919DAEEB300978CD8 /* MasterMind.app */;
			productType = "com.apple.product-type.application";
		};
		8A19582119DAEEB300978CD8 /* MasterMindTests */ = {
			isa = PBXNativeTarget;
			buildConfigurationList = 8A19582F19DAEEB300978CD8 /* Build configuration list for PBXNativeTarget "MasterMindTests" */;
			buildPhases = (
				8A19581E19DAEEB300978CD8 /* Sources */,
				8A19581F19DAEEB300978CD8 /* Frameworks */,
				8A19582019DAEEB300978CD8 /* Resources */,
			);
			buildRules = (
			);
			dependencies = (
				8A19582419DAEEB300978CD8 /* PBXTargetDependency */,
			);
			name = MasterMindTests;
			productName = MasterMindTests;
			productReference = 8A19582219DAEEB300978CD8 /* MasterMindTests.xctest */;
			productType = "com.apple.product-type.bundle.unit-test";
		};
/* End PBXNativeTarget section */

/* Begin PBXProject section */
		8A19580119DAEEB300978CD8 /* Project object */ = {
			isa = PBXProject;
			attributes = {
				LastUpgradeCheck = 0600;
				ORGANIZATIONNAME = "Guillem Fernández González";
				TargetAttributes = {
					8A19580819DAEEB300978CD8 = {
						CreatedOnToolsVersion = 6.0.1;
					};
					8A19582119DAEEB300978CD8 = {
						CreatedOnToolsVersion = 6.0.1;
						TestTargetID = 8A19580819DAEEB300978CD8;
					};
				};
			};
			buildConfigurationList = 8A19580419DAEEB300978CD8 /* Build configuration list for PBXProject "MasterMind" */;
			compatibilityVersion = "Xcode 3.2";
			developmentRegion = English;
			hasScannedForEncodings = 0;
			knownRegions = (
				en,
				Base,
			);
			mainGroup = 8A19580019DAEEB300978CD8;
			productRefGroup = 8A19580A19DAEEB300978CD8 /* Products */;
			projectDirPath = "";
			projectRoot = "";
			targets = (
				8A19580819DAEEB300978CD8 /* MasterMind */,
				8A19582119DAEEB300978CD8 /* MasterMindTests */,
			);
		};
/* End PBXProject section */

/* Begin PBXResourcesBuildPhase section */
		8A19580719DAEEB300978CD8 /* Resources */ = {
			isa = PBXResourcesBuildPhase;
			buildActionMask = 2147483647;
			files = (
				8A19581A19DAEEB300978CD8 /* Images.xcassets in Resources */,
			);
			runOnlyForDeploymentPostprocessing = 0;
		};
		8A19582019DAEEB300978CD8 /* Resources */ = {
			isa = PBXResourcesBuildPhase;
			buildActionMask = 2147483647;
			files = (
			);
			runOnlyForDeploymentPostprocessing = 0;
		};
/* End PBXResourcesBuildPhase section */

/* Begin PBXSourcesBuildPhase section */
		8A19580519DAEEB300978CD8 /* Sources */ = {
			isa = PBXSourcesBuildPhase;
			buildActionMask = 2147483647;
			files = (
				8A19581219DAEEB300978CD8 /* AppDelegate.m in Sources */,
				8A19583419DAEF2000978CD8 /* MMViewController.m in Sources */,
				8A19580F19DAEEB300978CD8 /* main.m in Sources */,
				8A3CF96319F5837C000AAE35 /* MMCell.m in Sources */,
				8A19583A19DB27FF00978CD8 /* MMModel.m in Sources */,
			);
			runOnlyForDeploymentPostprocessing = 0;
		};
		8A19581E19DAEEB300978CD8 /* Sources */ = {
			isa = PBXSourcesBuildPhase;
			buildActionMask = 2147483647;
			files = (
				8A3CF95D19F582CF000AAE35 /* CellViewTest.m in Sources */,
				8A19583519DAEF2000978CD8 /* MMViewController.m in Sources */,
				8A19583B19DB27FF00978CD8 /* MMModel.m in Sources */,
				8A3CF96419F5837C000AAE35 /* MMCell.m in Sources */,
				8A19583719DB244300978CD8 /* ModelTest.m in Sources */,
			);
			runOnlyForDeploymentPostprocessing = 0;
		};
/* End PBXSourcesBuildPhase section */

/* Begin PBXTargetDependency section */
		8A19582419DAEEB300978CD8 /* PBXTargetDependency */ = {
			isa = PBXTargetDependency;
			target = 8A19580819DAEEB300978CD8 /* MasterMind */;
			targetProxy = 8A19582319DAEEB300978CD8 /* PBXContainerItemProxy */;
		};
/* End PBXTargetDependency section */

/* Begin XCBuildConfiguration section */
		8A19582A19DAEEB300978CD8 /* Debug */ = {
			isa = XCBuildConfiguration;
			buildSettings = {
				ALWAYS_SEARCH_USER_PATHS = NO;
				CLANG_CXX_LANGUAGE_STANDARD = "gnu++0x";
				CLANG_CXX_LIBRARY = "libc++";
				CLANG_ENABLE_MODULES = YES;
				CLANG_ENABLE_OBJC_ARC = YES;
				CLANG_WARN_BOOL_CONVERSION = YES;
				CLANG_WARN_CONSTANT_CONVERSION = YES;
				CLANG_WARN_DIRECT_OBJC_ISA_USAGE = YES_ERROR;
				CLANG_WARN_EMPTY_BODY = YES;
				CLANG_WARN_ENUM_CONVERSION = YES;
				CLANG_WARN_INT_CONVERSION = YES;
				CLANG_WARN_OBJC_ROOT_CLASS = YES_ERROR;
				CLANG_WARN_UNREACHABLE_CODE = YES;
				CLANG_WARN__DUPLICATE_METHOD_MATCH = YES;
				"CODE_SIGN_IDENTITY[sdk=iphoneos*]" = "iPhone Developer";
				COPY_PHASE_STRIP = NO;
				ENABLE_STRICT_OBJC_MSGSEND = YES;
				GCC_C_LANGUAGE_STANDARD = gnu99;
				GCC_DYNAMIC_NO_PIC = NO;
				GCC_OPTIMIZATION_LEVEL = 0;
				GCC_PREPROCESSOR_DEFINITIONS = (
					"DEBUG=1",
					"$(inherited)",
				);
				GCC_SYMBOLS_PRIVATE_EXTERN = NO;
				GCC_WARN_64_TO_32_BIT_CONVERSION = YES;
				GCC_WARN_ABOUT_RETURN_TYPE = YES_ERROR;
				GCC_WARN_UNDECLARED_SELECTOR = YES;
				GCC_WARN_UNINITIALIZED_AUTOS = YES_AGGRESSIVE;
				GCC_WARN_UNUSED_FUNCTION = YES;
				GCC_WARN_UNUSED_VARIABLE = YES;
				IPHONEOS_DEPLOYMENT_TARGET = 8.0;
				MTL_ENABLE_DEBUG_INFO = YES;
				ONLY_ACTIVE_ARCH = YES;
				SDKROOT = iphoneos;
			};
			name = Debug;
		};
		8A19582B19DAEEB300978CD8 /* Release */ = {
			isa = XCBuildConfiguration;
			buildSettings = {
				ALWAYS_SEARCH_USER_PATHS = NO;
				CLANG_CXX_LANGUAGE_STANDARD = "gnu++0x";
				CLANG_CXX_LIBRARY = "libc++";
				CLANG_ENABLE_MODULES = YES;
				CLANG_ENABLE_OBJC_ARC = YES;
				CLANG_WARN_BOOL_CONVERSION = YES;
				CLANG_WARN_CONSTANT_CONVERSION = YES;
				CLANG_WARN_DIRECT_OBJC_ISA_USAGE = YES_ERROR;
				CLANG_WARN_EMPTY_BODY = YES;
				CLANG_WARN_ENUM_CONVERSION = YES;
				CLANG_WARN_INT_CONVERSION = YES;
				CLANG_WARN_OBJC_ROOT_CLASS = YES_ERROR;
				CLANG_WARN_UNREACHABLE_CODE = YES;
				CLANG_WARN__DUPLICATE_METHOD_MATCH = YES;
				"CODE_SIGN_IDENTITY[sdk=iphoneos*]" = "iPhone Developer";
				COPY_PHASE_STRIP = YES;
				ENABLE_NS_ASSERTIONS = NO;
				ENABLE_STRICT_OBJC_MSGSEND = YES;
				GCC_C_LANGUAGE_STANDARD = gnu99;
				GCC_WARN_64_TO_32_BIT_CONVERSION = YES;
				GCC_WARN_ABOUT_RETURN_TYPE = YES_ERROR;
				GCC_WARN_UNDECLARED_SELECTOR = YES;
				GCC_WARN_UNINITIALIZED_AUTOS = YES_AGGRESSIVE;
				GCC_WARN_UNUSED_FUNCTION = YES;
				GCC_WARN_UNUSED_VARIABLE = YES;
				IPHONEOS_DEPLOYMENT_TARGET = 8.0;
				MTL_ENABLE_DEBUG_INFO = NO;
				SDKROOT = iphoneos;
				VALIDATE_PRODUCT = YES;
			};
			name = Release;
		};
		8A19582D19DAEEB300978CD8 /* Debug */ = {
			isa = XCBuildConfiguration;
			buildSettings = {
				ASSETCATALOG_COMPILER_APPICON_NAME = AppIcon;
				INFOPLIST_FILE = MasterMind/Info.plist;
				LD_RUNPATH_SEARCH_PATHS = "$(inherited) @executable_path/Frameworks";
				PRODUCT_NAME = "$(TARGET_NAME)";
			};
			name = Debug;
		};
		8A19582E19DAEEB300978CD8 /* Release */ = {
			isa = XCBuildConfiguration;
			buildSettings = {
				ASSETCATALOG_COMPILER_APPICON_NAME = AppIcon;
				INFOPLIST_FILE = MasterMind/Info.plist;
				LD_RUNPATH_SEARCH_PATHS = "$(inherited) @executable_path/Frameworks";
				PRODUCT_NAME = "$(TARGET_NAME)";
			};
			name = Release;
		};
		8A19583019DAEEB300978CD8 /* Debug */ = {
			isa = XCBuildConfiguration;
			buildSettings = {
				BUNDLE_LOADER = "$(TEST_HOST)";
				FRAMEWORK_SEARCH_PATHS = (
					"$(SDKROOT)/Developer/Library/Frameworks",
					"$(inherited)",
				);
				GCC_PREPROCESSOR_DEFINITIONS = (
					"DEBUG=1",
					"$(inherited)",
				);
				INFOPLIST_FILE = MasterMindTests/Info.plist;
				LD_RUNPATH_SEARCH_PATHS = "$(inherited) @executable_path/Frameworks @loader_path/Frameworks";
				PRODUCT_NAME = "$(TARGET_NAME)";
				TEST_HOST = "$(BUILT_PRODUCTS_DIR)/MasterMind.app/MasterMind";
			};
			name = Debug;
		};
		8A19583119DAEEB300978CD8 /* Release */ = {
			isa = XCBuildConfiguration;
			buildSettings = {
				BUNDLE_LOADER = "$(TEST_HOST)";
				FRAMEWORK_SEARCH_PATHS = (
					"$(SDKROOT)/Developer/Library/Frameworks",
					"$(inherited)",
				);
				INFOPLIST_FILE = MasterMindTests/Info.plist;
				LD_RUNPATH_SEARCH_PATHS = "$(inherited) @executable_path/Frameworks @loader_path/Frameworks";
				PRODUCT_NAME = "$(TARGET_NAME)";
				TEST_HOST = "$(BUILT_PRODUCTS_DIR)/MasterMind.app/MasterMind";
			};
			name = Release;
		};
/* End XCBuildConfiguration section */

/* Begin XCConfigurationList section */
		8A19580419DAEEB300978CD8 /* Build configuration list for PBXProject "MasterMind" */ = {
			isa = XCConfigurationList;
			buildConfigurations = (
				8A19582A19DAEEB300978CD8 /* Debug */,
				8A19582B19DAEEB300978CD8 /* Release */,
			);
			defaultConfigurationIsVisible = 0;
			defaultConfigurationName = Release;
		};
		8A19582C19DAEEB300978CD8 /* Build configuration list for PBXNativeTarget "MasterMind" */ = {
			isa = XCConfigurationList;
			buildConfigurations = (
				8A19582D19DAEEB300978CD8 /* Debug */,
				8A19582E19DAEEB300978CD8 /* Release */,
			);
			defaultConfigurationIsVisible = 0;
			defaultConfigurationName = Release;
		};
		8A19582F19DAEEB300978CD8 /* Build configuration list for PBXNativeTarget "MasterMindTests" */ = {
			isa = XCConfigurationList;
			buildConfigurations = (
				8A19583019DAEEB300978CD8 /* Debug */,
				8A19583119DAEEB300978CD8 /* Release */,
			);
			defaultConfigurationIsVisible = 0;
			defaultConfigurationName = Release;
		};
/* End XCConfigurationList section */
	};
	rootObject = 8A19580119DAEEB300978CD8 /* Project object */;
}
